
Microsoft Visual Studio Solution File, Format Version 12.00
# Visual Studio Version 17
VisualStudioVersion = 17.13.35919.96 d17.13
MinimumVisualStudioVersion = 10.0.40219.1
Project("{FAE04EC0-301F-11D3-BF4B-00C04F79EFBC}") = "chatapp", "chatapp\chatapp.csproj", "{A76385A4-CAB7-46F3-A1EE-75F713D4B988}"
EndProject
Global
	GlobalSection(SolutionConfigurationPlatforms) = preSolution
		Debug|Any CPU = Debug|Any CPU
		Release|Any CPU = Release|Any CPU
	EndGlobalSection
	GlobalSection(ProjectConfigurationPlatforms) = postSolution
		{A76385A4-CAB7-46F3-A1EE-75F713D4B988}.Debug|Any CPU.ActiveCfg = Debug|Any CPU
		{A76385A4-CAB7-46F3-A1EE-75F713D4B988}.Debug|Any CPU.Build.0 = Debug|Any CPU
		{A76385A4-CAB7-46F3-A1EE-75F713D4B988}.Release|Any CPU.ActiveCfg = Release|Any CPU
		{A76385A4-CAB7-46F3-A1EE-75F713D4B988}.Release|Any CPU.Build.0 = Release|Any CPU
	EndGlobalSection
	GlobalSection(SolutionProperties) = preSolution
		HideSolutionNode = FALSE
	EndGlobalSection
	GlobalSection(ExtensibilityGlobals) = postSolution
		SolutionGuid = {E9112E34-DC1B-45AD-B552-BE3DC9173D25}
	EndGlobalSection
EndGlobal
